{
  "version": 4,
  "terraform_version": "1.9.7",
  "serial": 109,
  "lineage": "326f919d-e5e7-5a24-75c9-68c2c7f51bdb",
  "outputs": {
    "instance_public_ip": {
      "value": [
        "44.205.22.201",
        "3.86.238.36"
      ],
      "type": [
        "tuple",
        [
          "string",
          "string"
        ]
      ]
    },
    "load_balancer_dns": {
      "value": "tf-lb-20241018125906179900000007-138497071.us-east-1.elb.amazonaws.com",
      "type": "string"
    }
  },
  "resources": [
    {
      "mode": "managed",
      "type": "aws_key_pair",
      "name": "new_terra_key",
      "provider": "provider[\"registry.terraform.io/hashicorp/aws\"]",
      "instances": [
        {
          "schema_version": 1,
          "attributes": {
            "arn": "arn:aws:ec2:us-east-1:640168432352:key-pair/new_terra_key",
            "fingerprint": "5e:d8:68:5f:d8:3c:8f:f9:6f:27:9e:48:0d:87:40:ad",
            "id": "new_terra_key",
            "key_name": "new_terra_key",
            "key_name_prefix": "",
            "key_pair_id": "key-08691daa4a1abb1dc",
            "key_type": "rsa",
            "public_key": "ssh-rsa AAAAB3NzaC1yc2EAAAADAQABAAACAQDA94fNAFypde1D+uNSVGArNoMPxY8Q118unMUSO7vaZmC/VO4HukQI+JW/pmVycJqgFjkfRuJken+pt2fTasYDBDhqvd6HB/+lgYaCXLbmSSmo+boK/jZ1aeF5VzseKxp7BRe7fhMleIXRJxHPE6vr4No+DpUxKNWv0O43DAL5Ta7I9tq9caI7cwngR67FF/N1CjacJXrHoy2YiFwdnOkaS7A1aY8Y97BWDZOVPfjgCSI5FjrCMEH2wmO7Ga5O+M1CiBDzgWYt5uza+5e3d9NBqaHokbEBWdL8PIT1X7HmYabx7s0jMDmu9Z1FypkN3wzcxTV0kGBQoRtivimCoW1evxhjZT8QZJ8BsSf0f0GXs2f0l9tmRQ4ps9IfoI1YJt79CjtfrmIyCc9qLp+pkEi2ANPxe1p/zBO9llU7nP1rWxlnz+IiFkzf3OXb/iiFeVjSUhWofozkUSyx0DrlAAdQJO0JPeBXWkpzVGTGYX+wjPlfJBxu/iMWnixxG77YAGoq259ZJY1j/Zx7OgK9xGv1cV+pn/eNyMiNkdoevUaAdU17TzcAgH9309zTNJqqi+kH3ir0u04nGcJ6vuf/ouRgtGWYLFKe1gkmSuZVnGpzKB1Muy7P9asxSPgT1mrfEkUQJomZ2C1hZcJ0vMgJqVzSsksEdZyoZsLtDwwe4Uy+dQ== hp@HP-EliteBook-840-G1",
            "tags": null,
            "tags_all": {}
          },
          "sensitive_attributes": [],
          "private": "eyJzY2hlbWFfdmVyc2lvbiI6IjEifQ=="
        }
      ]
    },
    {
      "module": "module.Auto_scaling",
      "mode": "managed",
      "type": "aws_autoscaling_group",
      "name": "static_asg",
      "provider": "provider[\"registry.terraform.io/hashicorp/aws\"]",
      "instances": [
        {
          "schema_version": 1,
          "attributes": {
            "arn": "arn:aws:autoscaling:us-east-1:640168432352:autoScalingGroup:f674b6b3-5857-45f1-ae71-4e7fd9756424:autoScalingGroupName/terraform-2024101812590619000000000a",
            "availability_zones": [
              "us-east-1b",
              "us-east-1c"
            ],
            "capacity_rebalance": false,
            "context": "",
            "default_cooldown": 300,
            "default_instance_warmup": 0,
            "desired_capacity": 2,
            "desired_capacity_type": "",
            "enabled_metrics": [],
            "force_delete": false,
            "force_delete_warm_pool": false,
            "health_check_grace_period": 300,
            "health_check_type": "EC2",
            "id": "terraform-2024101812590619000000000a",
            "ignore_failed_scaling_activities": false,
            "initial_lifecycle_hook": [],
            "instance_maintenance_policy": [],
            "instance_refresh": [],
            "launch_configuration": "",
            "launch_template": [
              {
                "id": "lt-0e5c8a3f30fb9cb8b",
                "name": "terraform-20241018125858450600000005",
                "version": "$Latest"
              }
            ],
            "load_balancers": [],
            "max_instance_lifetime": 0,
            "max_size": 5,
            "metrics_granularity": "1Minute",
            "min_elb_capacity": null,
            "min_size": 2,
            "mixed_instances_policy": [],
            "name": "terraform-2024101812590619000000000a",
            "name_prefix": "terraform-",
            "placement_group": "",
            "predicted_capacity": 0,
            "protect_from_scale_in": false,
            "service_linked_role_arn": "arn:aws:iam::640168432352:role/aws-service-role/autoscaling.amazonaws.com/AWSServiceRoleForAutoScaling",
            "suspended_processes": [],
            "tag": [
              {
                "key": "Name",
                "propagate_at_launch": true,
                "value": "Ec2_intance_temp"
              }
            ],
            "target_group_arns": [
              "arn:aws:elasticloadbalancing:us-east-1:640168432352:targetgroup/tf-20241018125852723700000004/d8ee0f08c075ed16"
            ],
            "termination_policies": [],
            "timeouts": null,
            "traffic_source": [
              {
                "identifier": "arn:aws:elasticloadbalancing:us-east-1:640168432352:targetgroup/tf-20241018125852723700000004/d8ee0f08c075ed16",
                "type": "elbv2"
              }
            ],
            "vpc_zone_identifier": [
              "subnet-07bab35b3c12b739b",
              "subnet-0aba7ac8a7412ecb2"
            ],
            "wait_for_capacity_timeout": "10m",
            "wait_for_elb_capacity": null,
            "warm_pool": [],
            "warm_pool_size": 0
          },
          "sensitive_attributes": [],
          "private": "eyJlMmJmYjczMC1lY2FhLTExZTYtOGY4OC0zNDM2M2JjN2M0YzAiOnsiZGVsZXRlIjo2MDAwMDAwMDAwMDAsInVwZGF0ZSI6NjAwMDAwMDAwMDAwfSwic2NoZW1hX3ZlcnNpb24iOiIxIn0=",
          "dependencies": [
            "module.Launch_template.aws_key_pair.new_terra_key",
            "module.Launch_template.aws_launch_template.Ec2_intance_temp",
            "module.Load_balancer.aws_lb_target_group.static_tg",
            "module.Security_group.aws_security_group.Ec2_sg",
            "module.VPC.aws_subnet.public_subnet",
            "module.VPC.aws_vpc.static_vpc"
          ]
        }
      ]
    },
    {
      "module": "module.Auto_scaling",
      "mode": "managed",
      "type": "aws_autoscaling_policy",
      "name": "scale_down_policy",
      "provider": "provider[\"registry.terraform.io/hashicorp/aws\"]",
      "instances": [
        {
          "schema_version": 0,
          "attributes": {
            "adjustment_type": "ChangeInCapacity",
            "arn": "arn:aws:autoscaling:us-east-1:640168432352:scalingPolicy:5118ab53-2470-450a-94b2-f2f24c72ce00:autoScalingGroupName/terraform-2024101812590619000000000a:policyName/scale_down_policy",
            "autoscaling_group_name": "terraform-2024101812590619000000000a",
            "cooldown": 200,
            "enabled": true,
            "estimated_instance_warmup": 0,
            "id": "scale_down_policy",
            "metric_aggregation_type": "",
            "min_adjustment_magnitude": 0,
            "name": "scale_down_policy",
            "policy_type": "SimpleScaling",
            "predictive_scaling_configuration": [],
            "scaling_adjustment": -1,
            "step_adjustment": [],
            "target_tracking_configuration": []
          },
          "sensitive_attributes": [],
          "private": "bnVsbA==",
          "dependencies": [
            "module.Auto_scaling.aws_autoscaling_group.static_asg",
            "module.Launch_template.aws_key_pair.new_terra_key",
            "module.Launch_template.aws_launch_template.Ec2_intance_temp",
            "module.Load_balancer.aws_lb_target_group.static_tg",
            "module.Security_group.aws_security_group.Ec2_sg",
            "module.VPC.aws_subnet.public_subnet",
            "module.VPC.aws_vpc.static_vpc"
          ]
        }
      ]
    },
    {
      "module": "module.Auto_scaling",
      "mode": "managed",
      "type": "aws_autoscaling_policy",
      "name": "scale_up_policy",
      "provider": "provider[\"registry.terraform.io/hashicorp/aws\"]",
      "instances": [
        {
          "schema_version": 0,
          "attributes": {
            "adjustment_type": "ChangeInCapacity",
            "arn": "arn:aws:autoscaling:us-east-1:640168432352:scalingPolicy:db24fe13-916e-41fc-8b5b-2337c35bf6d2:autoScalingGroupName/terraform-2024101812590619000000000a:policyName/scale_up_policy",
            "autoscaling_group_name": "terraform-2024101812590619000000000a",
            "cooldown": 200,
            "enabled": true,
            "estimated_instance_warmup": 0,
            "id": "scale_up_policy",
            "metric_aggregation_type": "",
            "min_adjustment_magnitude": 0,
            "name": "scale_up_policy",
            "policy_type": "SimpleScaling",
            "predictive_scaling_configuration": [],
            "scaling_adjustment": 1,
            "step_adjustment": [],
            "target_tracking_configuration": []
          },
          "sensitive_attributes": [],
          "private": "bnVsbA==",
          "dependencies": [
            "module.Auto_scaling.aws_autoscaling_group.static_asg",
            "module.Launch_template.aws_key_pair.new_terra_key",
            "module.Launch_template.aws_launch_template.Ec2_intance_temp",
            "module.Load_balancer.aws_lb_target_group.static_tg",
            "module.Security_group.aws_security_group.Ec2_sg",
            "module.VPC.aws_subnet.public_subnet",
            "module.VPC.aws_vpc.static_vpc"
          ]
        }
      ]
    },
    {
      "module": "module.Ec2_instances",
      "mode": "managed",
      "type": "aws_instance",
      "name": "static_web",
      "provider": "provider[\"registry.terraform.io/hashicorp/aws\"]",
      "instances": [
        {
          "index_key": 0,
          "schema_version": 1,
          "attributes": {
            "ami": "ami-0e86e20dae9224db8",
            "arn": "arn:aws:ec2:us-east-1:640168432352:instance/i-013ffaeb057af3eb3",
            "associate_public_ip_address": true,
            "availability_zone": "us-east-1b",
            "capacity_reservation_specification": [
              {
                "capacity_reservation_preference": "open",
                "capacity_reservation_target": []
              }
            ],
            "cpu_core_count": 1,
            "cpu_options": [
              {
                "amd_sev_snp": "",
                "core_count": 1,
                "threads_per_core": 1
              }
            ],
            "cpu_threads_per_core": 1,
            "credit_specification": [
              {
                "cpu_credits": "standard"
              }
            ],
            "disable_api_stop": false,
            "disable_api_termination": false,
            "ebs_block_device": [],
            "ebs_optimized": false,
            "enclave_options": [
              {
                "enabled": false
              }
            ],
            "ephemeral_block_device": [],
            "get_password_data": false,
            "hibernation": false,
            "host_id": "",
            "host_resource_group_arn": null,
            "iam_instance_profile": "",
            "id": "i-013ffaeb057af3eb3",
            "instance_initiated_shutdown_behavior": "stop",
            "instance_lifecycle": "",
            "instance_market_options": [],
            "instance_state": "running",
            "instance_type": "t2.micro",
            "ipv6_address_count": 0,
            "ipv6_addresses": [],
            "key_name": "ec2_terra_key",
            "launch_template": [],
            "maintenance_options": [
              {
                "auto_recovery": "default"
              }
            ],
            "metadata_options": [
              {
                "http_endpoint": "enabled",
                "http_protocol_ipv6": "disabled",
                "http_put_response_hop_limit": 2,
                "http_tokens": "required",
                "instance_metadata_tags": "disabled"
              }
            ],
            "monitoring": false,
            "network_interface": [],
            "outpost_arn": "",
            "password_data": "",
            "placement_group": "",
            "placement_partition_number": 0,
            "primary_network_interface_id": "eni-0145d0ff3665cbedd",
            "private_dns": "ip-10-0-1-221.ec2.internal",
            "private_dns_name_options": [
              {
                "enable_resource_name_dns_a_record": false,
                "enable_resource_name_dns_aaaa_record": false,
                "hostname_type": "ip-name"
              }
            ],
            "private_ip": "10.0.1.221",
            "public_dns": "",
            "public_ip": "44.205.22.201",
            "root_block_device": [
              {
                "delete_on_termination": true,
                "device_name": "/dev/sda1",
                "encrypted": false,
                "iops": 3000,
                "kms_key_id": "",
                "tags": {},
                "tags_all": {},
                "throughput": 125,
                "volume_id": "vol-040a690a9bb5236c6",
                "volume_size": 8,
                "volume_type": "gp3"
              }
            ],
            "secondary_private_ips": [],
            "security_groups": [
              "sg-0afbd8b2dd688a8a9"
            ],
            "source_dest_check": true,
            "spot_instance_request_id": "",
            "subnet_id": "subnet-07bab35b3c12b739b",
            "tags": {
              "Name": "static_ec2-1"
            },
            "tags_all": {
              "Name": "static_ec2-1"
            },
            "tenancy": "default",
            "timeouts": null,
            "user_data": "9c9de3f61adbd04108fdc3c2cd72494cc304054a",
            "user_data_base64": null,
            "user_data_replace_on_change": false,
            "volume_tags": null,
            "vpc_security_group_ids": [
              "sg-0afbd8b2dd688a8a9"
            ]
          },
          "sensitive_attributes": [],
          "private": "eyJlMmJmYjczMC1lY2FhLTExZTYtOGY4OC0zNDM2M2JjN2M0YzAiOnsiY3JlYXRlIjo2MDAwMDAwMDAwMDAsImRlbGV0ZSI6MTIwMDAwMDAwMDAwMCwicmVhZCI6OTAwMDAwMDAwMDAwLCJ1cGRhdGUiOjYwMDAwMDAwMDAwMH0sInNjaGVtYV92ZXJzaW9uIjoiMSJ9",
          "dependencies": [
            "module.Ec2_instances.aws_key_pair.new_terra_key",
            "module.Security_group.aws_security_group.Ec2_sg",
            "module.VPC.aws_subnet.public_subnet",
            "module.VPC.aws_vpc.static_vpc"
          ]
        },
        {
          "index_key": 1,
          "schema_version": 1,
          "attributes": {
            "ami": "ami-0e86e20dae9224db8",
            "arn": "arn:aws:ec2:us-east-1:640168432352:instance/i-02359742a2a7f0af7",
            "associate_public_ip_address": true,
            "availability_zone": "us-east-1c",
            "capacity_reservation_specification": [
              {
                "capacity_reservation_preference": "open",
                "capacity_reservation_target": []
              }
            ],
            "cpu_core_count": 1,
            "cpu_options": [
              {
                "amd_sev_snp": "",
                "core_count": 1,
                "threads_per_core": 1
              }
            ],
            "cpu_threads_per_core": 1,
            "credit_specification": [
              {
                "cpu_credits": "standard"
              }
            ],
            "disable_api_stop": false,
            "disable_api_termination": false,
            "ebs_block_device": [],
            "ebs_optimized": false,
            "enclave_options": [
              {
                "enabled": false
              }
            ],
            "ephemeral_block_device": [],
            "get_password_data": false,
            "hibernation": false,
            "host_id": "",
            "host_resource_group_arn": null,
            "iam_instance_profile": "",
            "id": "i-02359742a2a7f0af7",
            "instance_initiated_shutdown_behavior": "stop",
            "instance_lifecycle": "",
            "instance_market_options": [],
            "instance_state": "running",
            "instance_type": "t2.micro",
            "ipv6_address_count": 0,
            "ipv6_addresses": [],
            "key_name": "ec2_terra_key",
            "launch_template": [],
            "maintenance_options": [
              {
                "auto_recovery": "default"
              }
            ],
            "metadata_options": [
              {
                "http_endpoint": "enabled",
                "http_protocol_ipv6": "disabled",
                "http_put_response_hop_limit": 2,
                "http_tokens": "required",
                "instance_metadata_tags": "disabled"
              }
            ],
            "monitoring": false,
            "network_interface": [],
            "outpost_arn": "",
            "password_data": "",
            "placement_group": "",
            "placement_partition_number": 0,
            "primary_network_interface_id": "eni-01483b4b266a8d8ff",
            "private_dns": "ip-10-0-2-14.ec2.internal",
            "private_dns_name_options": [
              {
                "enable_resource_name_dns_a_record": false,
                "enable_resource_name_dns_aaaa_record": false,
                "hostname_type": "ip-name"
              }
            ],
            "private_ip": "10.0.2.14",
            "public_dns": "",
            "public_ip": "3.86.238.36",
            "root_block_device": [
              {
                "delete_on_termination": true,
                "device_name": "/dev/sda1",
                "encrypted": false,
                "iops": 3000,
                "kms_key_id": "",
                "tags": {},
                "tags_all": {},
                "throughput": 125,
                "volume_id": "vol-03ba3da7b5ad34f0c",
                "volume_size": 8,
                "volume_type": "gp3"
              }
            ],
            "secondary_private_ips": [],
            "security_groups": [
              "sg-0afbd8b2dd688a8a9"
            ],
            "source_dest_check": true,
            "spot_instance_request_id": "",
            "subnet_id": "subnet-0aba7ac8a7412ecb2",
            "tags": {
              "Name": "static_ec2-2"
            },
            "tags_all": {
              "Name": "static_ec2-2"
            },
            "tenancy": "default",
            "timeouts": null,
            "user_data": "9c9de3f61adbd04108fdc3c2cd72494cc304054a",
            "user_data_base64": null,
            "user_data_replace_on_change": false,
            "volume_tags": null,
            "vpc_security_group_ids": [
              "sg-0afbd8b2dd688a8a9"
            ]
          },
          "sensitive_attributes": [],
          "private": "eyJlMmJmYjczMC1lY2FhLTExZTYtOGY4OC0zNDM2M2JjN2M0YzAiOnsiY3JlYXRlIjo2MDAwMDAwMDAwMDAsImRlbGV0ZSI6MTIwMDAwMDAwMDAwMCwicmVhZCI6OTAwMDAwMDAwMDAwLCJ1cGRhdGUiOjYwMDAwMDAwMDAwMH0sInNjaGVtYV92ZXJzaW9uIjoiMSJ9",
          "dependencies": [
            "module.Ec2_instances.aws_key_pair.new_terra_key",
            "module.Security_group.aws_security_group.Ec2_sg",
            "module.VPC.aws_subnet.public_subnet",
            "module.VPC.aws_vpc.static_vpc"
          ]
        }
      ]
    },
    {
      "module": "module.Ec2_instances",
      "mode": "managed",
      "type": "aws_key_pair",
      "name": "new_terra_key",
      "provider": "provider[\"registry.terraform.io/hashicorp/aws\"]",
      "instances": [
        {
          "schema_version": 1,
          "attributes": {
            "arn": "arn:aws:ec2:us-east-1:640168432352:key-pair/ec2_terra_key",
            "fingerprint": "1a:5d:1c:2f:ed:93:bd:b5:bb:c1:06:43:ea:b0:eb:2e",
            "id": "ec2_terra_key",
            "key_name": "ec2_terra_key",
            "key_name_prefix": "",
            "key_pair_id": "key-024fc06173504a9d0",
            "key_type": "rsa",
            "public_key": "ssh-rsa AAAAB3NzaC1yc2EAAAADAQABAAACAQC5OSApj4slbl7LLfDejiTiSeCGnxCFDycj5p7ek//wY8uyUVpOoR3B/EY+kbY1oQ8Dxxf7XBCA8XVjGUz6kRT1XCTx+t23l6Ura9At30ziepIsTE+VD1Z35cr9wSEk60K/GDxiJ4AyxE3CytEZW7+2GD+c8kK4U4ER+3U5fT6MAF9es2VMXx4ajbfOCK1wvzZoGm1zGSe4AtkzTICgFJDFg5lATwq22Ck7v1HXBFDxjBqryFn0ayIkVoe8MJz5SetV1nYtwbf2PylwNXJvf65jxDvhfIU4aSJktEv6saYxQWEIIWY49eR68XJiYGaxenXf4uk0XlwwQuol+1ilUNY66dZiyvyQCdEOlZPpvREUY6aM6cHo8PYdvec1Czi6b/t3wpgDfdKZ/A4i8vlszyBGiee7Z7Eai9ND3bEpbhU4dLjhuapbSYJ9/n+pRUHP8PI1XNPcdApDDp51+GOuepgenk4uVbpXIa/WLWnBZIDJmdh0rYUOZdiFtq++etJp8Ox5Vi3xalwC1AXBmyxC8tnXZxEkeVlKnD3oz48ccx8UE3MQdTLyuffl00KvA/55JEV+813D9WImrCNqG1gZWvgGUsbmFucmF0yJ4SMYTuRGvP44IC2QpBaWfDUhA9jGEOtFSPjIgTDz6opzqJ7F2rx3x90mpS5hmZQ56sdZgDm0Ww== hp@HP-EliteBook-840-G1",
            "tags": {},
            "tags_all": {}
          },
          "sensitive_attributes": [],
          "private": "eyJzY2hlbWFfdmVyc2lvbiI6IjEifQ=="
        }
      ]
    },
    {
      "module": "module.Launch_template",
      "mode": "managed",
      "type": "aws_key_pair",
      "name": "new_terra_key",
      "provider": "provider[\"registry.terraform.io/hashicorp/aws\"]",
      "instances": [
        {
          "schema_version": 1,
          "attributes": {
            "arn": "arn:aws:ec2:us-east-1:640168432352:key-pair/new_terra_key",
            "fingerprint": "5e:d8:68:5f:d8:3c:8f:f9:6f:27:9e:48:0d:87:40:ad",
            "id": "new_terra_key",
            "key_name": "new_terra_key",
            "key_name_prefix": "",
            "key_pair_id": "key-05d98ba256a7d3ef7",
            "key_type": "rsa",
            "public_key": "ssh-rsa AAAAB3NzaC1yc2EAAAADAQABAAACAQDA94fNAFypde1D+uNSVGArNoMPxY8Q118unMUSO7vaZmC/VO4HukQI+JW/pmVycJqgFjkfRuJken+pt2fTasYDBDhqvd6HB/+lgYaCXLbmSSmo+boK/jZ1aeF5VzseKxp7BRe7fhMleIXRJxHPE6vr4No+DpUxKNWv0O43DAL5Ta7I9tq9caI7cwngR67FF/N1CjacJXrHoy2YiFwdnOkaS7A1aY8Y97BWDZOVPfjgCSI5FjrCMEH2wmO7Ga5O+M1CiBDzgWYt5uza+5e3d9NBqaHokbEBWdL8PIT1X7HmYabx7s0jMDmu9Z1FypkN3wzcxTV0kGBQoRtivimCoW1evxhjZT8QZJ8BsSf0f0GXs2f0l9tmRQ4ps9IfoI1YJt79CjtfrmIyCc9qLp+pkEi2ANPxe1p/zBO9llU7nP1rWxlnz+IiFkzf3OXb/iiFeVjSUhWofozkUSyx0DrlAAdQJO0JPeBXWkpzVGTGYX+wjPlfJBxu/iMWnixxG77YAGoq259ZJY1j/Zx7OgK9xGv1cV+pn/eNyMiNkdoevUaAdU17TzcAgH9309zTNJqqi+kH3ir0u04nGcJ6vuf/ouRgtGWYLFKe1gkmSuZVnGpzKB1Muy7P9asxSPgT1mrfEkUQJomZ2C1hZcJ0vMgJqVzSsksEdZyoZsLtDwwe4Uy+dQ== hp@HP-EliteBook-840-G1",
            "tags": {},
            "tags_all": {}
          },
          "sensitive_attributes": [],
          "private": "eyJzY2hlbWFfdmVyc2lvbiI6IjEifQ=="
        }
      ]
    },
    {
      "module": "module.Launch_template",
      "mode": "managed",
      "type": "aws_launch_template",
      "name": "Ec2_intance_temp",
      "provider": "provider[\"registry.terraform.io/hashicorp/aws\"]",
      "instances": [
        {
          "schema_version": 0,
          "attributes": {
            "arn": "arn:aws:ec2:us-east-1:640168432352:launch-template/lt-0e5c8a3f30fb9cb8b",
            "block_device_mappings": [],
            "capacity_reservation_specification": [],
            "cpu_options": [],
            "credit_specification": [],
            "default_version": 1,
            "description": "",
            "disable_api_stop": false,
            "disable_api_termination": false,
            "ebs_optimized": "",
            "elastic_gpu_specifications": [],
            "elastic_inference_accelerator": [],
            "enclave_options": [],
            "hibernation_options": [],
            "iam_instance_profile": [],
            "id": "lt-0e5c8a3f30fb9cb8b",
            "image_id": "ami-0e86e20dae9224db8",
            "instance_initiated_shutdown_behavior": "",
            "instance_market_options": [],
            "instance_requirements": [],
            "instance_type": "t2.micro",
            "kernel_id": "",
            "key_name": "new_terra_key",
            "latest_version": 1,
            "license_specification": [],
            "maintenance_options": [],
            "metadata_options": [],
            "monitoring": [],
            "name": "terraform-20241018125858450600000005",
            "name_prefix": "terraform-",
            "network_interfaces": [],
            "placement": [],
            "private_dns_name_options": [],
            "ram_disk_id": "",
            "security_group_names": [],
            "tag_specifications": [],
            "tags": {},
            "tags_all": {},
            "update_default_version": null,
            "user_data": "IyEvYmluL2Jhc2gKc3VkbyBhcHQtZ2V0IHVwZGF0ZSAteQpzdWRvIGFwdCBpbnN0YWxsIC15IGFwYWNoZTIgZ2l0CnN1ZG8gc3lzdGVtY3RsIHN0YXJ0IGFwYWNoZTIKc3VkbyBzeXN0ZW1jdGwgZW5hYmxlIGFwYWNoZTIKc3VkbyBybSAtcmYgL3Zhci93d3cvaHRtbC8qCmNkIC92YXIvd3d3L2h0bWwKc3VkbyBnaXQgY2xvbmUgaHR0cHM6Ly9naXRodWIuY29tL21vbnlzbGltL2Jvb2tzZmluZGVyLXYxLmdpdCAuCnN1ZG8gc3lzdGVtY3RsIHJlc3RhcnQgYXBhY2hlMgo=",
            "vpc_security_group_ids": [
              "sg-0afbd8b2dd688a8a9"
            ]
          },
          "sensitive_attributes": [],
          "private": "bnVsbA==",
          "dependencies": [
            "module.Launch_template.aws_key_pair.new_terra_key",
            "module.Security_group.aws_security_group.Ec2_sg",
            "module.VPC.aws_vpc.static_vpc"
          ]
        }
      ]
    },
    {
      "module": "module.Load_balancer",
      "mode": "managed",
      "type": "aws_lb",
      "name": "static_web_lb",
      "provider": "provider[\"registry.terraform.io/hashicorp/aws\"]",
      "instances": [
        {
          "schema_version": 0,
          "attributes": {
            "access_logs": [
              {
                "bucket": "",
                "enabled": false,
                "prefix": ""
              }
            ],
            "arn": "arn:aws:elasticloadbalancing:us-east-1:640168432352:loadbalancer/app/tf-lb-20241018125906179900000007/cdeb19884f6fb68a",
            "arn_suffix": "app/tf-lb-20241018125906179900000007/cdeb19884f6fb68a",
            "client_keep_alive": 3600,
            "connection_logs": [
              {
                "bucket": "",
                "enabled": false,
                "prefix": ""
              }
            ],
            "customer_owned_ipv4_pool": "",
            "desync_mitigation_mode": "defensive",
            "dns_name": "tf-lb-20241018125906179900000007-138497071.us-east-1.elb.amazonaws.com",
            "dns_record_client_routing_policy": null,
            "drop_invalid_header_fields": false,
            "enable_cross_zone_load_balancing": true,
            "enable_deletion_protection": false,
            "enable_http2": true,
            "enable_tls_version_and_cipher_suite_headers": false,
            "enable_waf_fail_open": false,
            "enable_xff_client_port": false,
            "enforce_security_group_inbound_rules_on_private_link_traffic": "",
            "id": "arn:aws:elasticloadbalancing:us-east-1:640168432352:loadbalancer/app/tf-lb-20241018125906179900000007/cdeb19884f6fb68a",
            "idle_timeout": 60,
            "internal": false,
            "ip_address_type": "ipv4",
            "load_balancer_type": "application",
            "name": "tf-lb-20241018125906179900000007",
            "name_prefix": "tf-lb-",
            "preserve_host_header": false,
            "security_groups": [
              "sg-0c8ee4352081949d1"
            ],
            "subnet_mapping": [
              {
                "allocation_id": "",
                "ipv6_address": "",
                "outpost_id": "",
                "private_ipv4_address": "",
                "subnet_id": "subnet-07bab35b3c12b739b"
              },
              {
                "allocation_id": "",
                "ipv6_address": "",
                "outpost_id": "",
                "private_ipv4_address": "",
                "subnet_id": "subnet-0aba7ac8a7412ecb2"
              }
            ],
            "subnets": [
              "subnet-07bab35b3c12b739b",
              "subnet-0aba7ac8a7412ecb2"
            ],
            "tags": {},
            "tags_all": {},
            "timeouts": null,
            "vpc_id": "vpc-01cfb3dea92df684b",
            "xff_header_processing_mode": "append",
            "zone_id": "Z35SXDOTRQ7X7K"
          },
          "sensitive_attributes": [],
          "private": "eyJlMmJmYjczMC1lY2FhLTExZTYtOGY4OC0zNDM2M2JjN2M0YzAiOnsiY3JlYXRlIjo2MDAwMDAwMDAwMDAsImRlbGV0ZSI6NjAwMDAwMDAwMDAwLCJ1cGRhdGUiOjYwMDAwMDAwMDAwMH19",
          "dependencies": [
            "module.Security_group.aws_security_group.Lb_sg",
            "module.VPC.aws_subnet.public_subnet",
            "module.VPC.aws_vpc.static_vpc"
          ]
        }
      ]
    },
    {
      "module": "module.Load_balancer",
      "mode": "managed",
      "type": "aws_lb_listener",
      "name": "static_listener",
      "provider": "provider[\"registry.terraform.io/hashicorp/aws\"]",
      "instances": [
        {
          "schema_version": 0,
          "attributes": {
            "alpn_policy": null,
            "arn": "arn:aws:elasticloadbalancing:us-east-1:640168432352:listener/app/tf-lb-20241018125906179900000007/cdeb19884f6fb68a/d318e6878fcb3b04",
            "certificate_arn": null,
            "default_action": [
              {
                "authenticate_cognito": [],
                "authenticate_oidc": [],
                "fixed_response": [],
                "forward": [],
                "order": 1,
                "redirect": [],
                "target_group_arn": "arn:aws:elasticloadbalancing:us-east-1:640168432352:targetgroup/tf-20241018125852723700000004/d8ee0f08c075ed16",
                "type": "forward"
              }
            ],
            "id": "arn:aws:elasticloadbalancing:us-east-1:640168432352:listener/app/tf-lb-20241018125906179900000007/cdeb19884f6fb68a/d318e6878fcb3b04",
            "load_balancer_arn": "arn:aws:elasticloadbalancing:us-east-1:640168432352:loadbalancer/app/tf-lb-20241018125906179900000007/cdeb19884f6fb68a",
            "mutual_authentication": [],
            "port": 80,
            "protocol": "HTTP",
            "ssl_policy": "",
            "tags": {},
            "tags_all": {},
            "timeouts": null
          },
          "sensitive_attributes": [],
          "private": "eyJlMmJmYjczMC1lY2FhLTExZTYtOGY4OC0zNDM2M2JjN2M0YzAiOnsiY3JlYXRlIjozMDAwMDAwMDAwMDAsInVwZGF0ZSI6MzAwMDAwMDAwMDAwfX0=",
          "dependencies": [
            "module.Load_balancer.aws_lb.static_web_lb",
            "module.Load_balancer.aws_lb_target_group.static_tg",
            "module.Security_group.aws_security_group.Lb_sg",
            "module.VPC.aws_subnet.public_subnet",
            "module.VPC.aws_vpc.static_vpc"
          ]
        }
      ]
    },
    {
      "module": "module.Load_balancer",
      "mode": "managed",
      "type": "aws_lb_target_group",
      "name": "static_tg",
      "provider": "provider[\"registry.terraform.io/hashicorp/aws\"]",
      "instances": [
        {
          "schema_version": 0,
          "attributes": {
            "arn": "arn:aws:elasticloadbalancing:us-east-1:640168432352:targetgroup/tf-20241018125852723700000004/d8ee0f08c075ed16",
            "arn_suffix": "targetgroup/tf-20241018125852723700000004/d8ee0f08c075ed16",
            "connection_termination": null,
            "deregistration_delay": "300",
            "health_check": [
              {
                "enabled": true,
                "healthy_threshold": 3,
                "interval": 30,
                "matcher": "200",
                "path": "/index.html",
                "port": "traffic-port",
                "protocol": "HTTP",
                "timeout": 5,
                "unhealthy_threshold": 3
              }
            ],
            "id": "arn:aws:elasticloadbalancing:us-east-1:640168432352:targetgroup/tf-20241018125852723700000004/d8ee0f08c075ed16",
            "ip_address_type": "ipv4",
            "lambda_multi_value_headers_enabled": false,
            "load_balancer_arns": [
              "arn:aws:elasticloadbalancing:us-east-1:640168432352:loadbalancer/app/tf-lb-20241018125906179900000007/cdeb19884f6fb68a"
            ],
            "load_balancing_algorithm_type": "round_robin",
            "load_balancing_anomaly_mitigation": "off",
            "load_balancing_cross_zone_enabled": "use_load_balancer_configuration",
            "name": "tf-20241018125852723700000004",
            "name_prefix": "tf-",
            "port": 80,
            "preserve_client_ip": null,
            "protocol": "HTTP",
            "protocol_version": "HTTP1",
            "proxy_protocol_v2": false,
            "slow_start": 0,
            "stickiness": [
              {
                "cookie_duration": 86400,
                "cookie_name": "",
                "enabled": false,
                "type": "lb_cookie"
              }
            ],
            "tags": {},
            "tags_all": {},
            "target_failover": [
              {
                "on_deregistration": null,
                "on_unhealthy": null
              }
            ],
            "target_group_health": [
              {
                "dns_failover": [
                  {
                    "minimum_healthy_targets_count": "1",
                    "minimum_healthy_targets_percentage": "off"
                  }
                ],
                "unhealthy_state_routing": [
                  {
                    "minimum_healthy_targets_count": 1,
                    "minimum_healthy_targets_percentage": "off"
                  }
                ]
              }
            ],
            "target_health_state": [
              {
                "enable_unhealthy_connection_termination": null,
                "unhealthy_draining_interval": null
              }
            ],
            "target_type": "instance",
            "vpc_id": "vpc-01cfb3dea92df684b"
          },
          "sensitive_attributes": [],
          "private": "bnVsbA==",
          "dependencies": [
            "module.VPC.aws_vpc.static_vpc"
          ]
        }
      ]
    },
    {
      "module": "module.Security_group",
      "mode": "managed",
      "type": "aws_security_group",
      "name": "Ec2_sg",
      "provider": "provider[\"registry.terraform.io/hashicorp/aws\"]",
      "instances": [
        {
          "schema_version": 1,
          "attributes": {
            "arn": "arn:aws:ec2:us-east-1:640168432352:security-group/sg-0afbd8b2dd688a8a9",
            "description": "Managed by Terraform",
            "egress": [
              {
                "cidr_blocks": [
                  "0.0.0.0/0"
                ],
                "description": "",
                "from_port": 0,
                "ipv6_cidr_blocks": [],
                "prefix_list_ids": [],
                "protocol": "tcp",
                "security_groups": [],
                "self": false,
                "to_port": 0
              }
            ],
            "id": "sg-0afbd8b2dd688a8a9",
            "ingress": [
              {
                "cidr_blocks": [
                  "0.0.0.0/0"
                ],
                "description": "",
                "from_port": 22,
                "ipv6_cidr_blocks": [],
                "prefix_list_ids": [],
                "protocol": "tcp",
                "security_groups": [],
                "self": false,
                "to_port": 22
              },
              {
                "cidr_blocks": [
                  "0.0.0.0/0"
                ],
                "description": "",
                "from_port": 80,
                "ipv6_cidr_blocks": [],
                "prefix_list_ids": [],
                "protocol": "tcp",
                "security_groups": [],
                "self": false,
                "to_port": 80
              }
            ],
            "name": "terraform-20241018125852717800000003",
            "name_prefix": "terraform-",
            "owner_id": "640168432352",
            "revoke_rules_on_delete": false,
            "tags": {},
            "tags_all": {},
            "timeouts": null,
            "vpc_id": "vpc-01cfb3dea92df684b"
          },
          "sensitive_attributes": [],
          "private": "eyJlMmJmYjczMC1lY2FhLTExZTYtOGY4OC0zNDM2M2JjN2M0YzAiOnsiY3JlYXRlIjo2MDAwMDAwMDAwMDAsImRlbGV0ZSI6OTAwMDAwMDAwMDAwfSwic2NoZW1hX3ZlcnNpb24iOiIxIn0=",
          "dependencies": [
            "module.VPC.aws_vpc.static_vpc"
          ]
        }
      ]
    },
    {
      "module": "module.Security_group",
      "mode": "managed",
      "type": "aws_security_group",
      "name": "Lb_sg",
      "provider": "provider[\"registry.terraform.io/hashicorp/aws\"]",
      "instances": [
        {
          "schema_version": 1,
          "attributes": {
            "arn": "arn:aws:ec2:us-east-1:640168432352:security-group/sg-0c8ee4352081949d1",
            "description": "Managed by Terraform",
            "egress": [
              {
                "cidr_blocks": [
                  "0.0.0.0/0"
                ],
                "description": "",
                "from_port": 0,
                "ipv6_cidr_blocks": [],
                "prefix_list_ids": [],
                "protocol": "-1",
                "security_groups": [],
                "self": false,
                "to_port": 0
              }
            ],
            "id": "sg-0c8ee4352081949d1",
            "ingress": [
              {
                "cidr_blocks": [
                  "0.0.0.0/0"
                ],
                "description": "",
                "from_port": 80,
                "ipv6_cidr_blocks": [],
                "prefix_list_ids": [],
                "protocol": "tcp",
                "security_groups": [],
                "self": false,
                "to_port": 80
              }
            ],
            "name": "terraform-20241018125852710200000002",
            "name_prefix": "terraform-",
            "owner_id": "640168432352",
            "revoke_rules_on_delete": false,
            "tags": {},
            "tags_all": {},
            "timeouts": null,
            "vpc_id": "vpc-01cfb3dea92df684b"
          },
          "sensitive_attributes": [],
          "private": "eyJlMmJmYjczMC1lY2FhLTExZTYtOGY4OC0zNDM2M2JjN2M0YzAiOnsiY3JlYXRlIjo2MDAwMDAwMDAwMDAsImRlbGV0ZSI6OTAwMDAwMDAwMDAwfSwic2NoZW1hX3ZlcnNpb24iOiIxIn0=",
          "dependencies": [
            "module.VPC.aws_vpc.static_vpc"
          ]
        }
      ]
    },
    {
      "module": "module.VPC",
      "mode": "managed",
      "type": "aws_internet_gateway",
      "name": "static_igw",
      "provider": "provider[\"registry.terraform.io/hashicorp/aws\"]",
      "instances": [
        {
          "schema_version": 0,
          "attributes": {
            "arn": "arn:aws:ec2:us-east-1:640168432352:internet-gateway/igw-0c1f65853246e7cd6",
            "id": "igw-0c1f65853246e7cd6",
            "owner_id": "640168432352",
            "tags": {
              "Name": "static_igw"
            },
            "tags_all": {
              "Name": "static_igw"
            },
            "timeouts": null,
            "vpc_id": "vpc-01cfb3dea92df684b"
          },
          "sensitive_attributes": [],
          "private": "eyJlMmJmYjczMC1lY2FhLTExZTYtOGY4OC0zNDM2M2JjN2M0YzAiOnsiY3JlYXRlIjoxMjAwMDAwMDAwMDAwLCJkZWxldGUiOjEyMDAwMDAwMDAwMDAsInVwZGF0ZSI6MTIwMDAwMDAwMDAwMH19",
          "dependencies": [
            "module.VPC.aws_vpc.static_vpc"
          ]
        }
      ]
    },
    {
      "module": "module.VPC",
      "mode": "managed",
      "type": "aws_route",
      "name": "public_route",
      "provider": "provider[\"registry.terraform.io/hashicorp/aws\"]",
      "instances": [
        {
          "schema_version": 0,
          "attributes": {
            "carrier_gateway_id": "",
            "core_network_arn": "",
            "destination_cidr_block": "0.0.0.0/0",
            "destination_ipv6_cidr_block": "",
            "destination_prefix_list_id": "",
            "egress_only_gateway_id": "",
            "gateway_id": "igw-0c1f65853246e7cd6",
            "id": "r-rtb-0b3c4d4a43e85b80c1080289494",
            "instance_id": "",
            "instance_owner_id": "",
            "local_gateway_id": "",
            "nat_gateway_id": "",
            "network_interface_id": "",
            "origin": "CreateRoute",
            "route_table_id": "rtb-0b3c4d4a43e85b80c",
            "state": "active",
            "timeouts": null,
            "transit_gateway_id": "",
            "vpc_endpoint_id": "",
            "vpc_peering_connection_id": ""
          },
          "sensitive_attributes": [],
          "private": "eyJlMmJmYjczMC1lY2FhLTExZTYtOGY4OC0zNDM2M2JjN2M0YzAiOnsiY3JlYXRlIjozMDAwMDAwMDAwMDAsImRlbGV0ZSI6MzAwMDAwMDAwMDAwLCJ1cGRhdGUiOjEyMDAwMDAwMDAwMH19",
          "dependencies": [
            "module.VPC.aws_internet_gateway.static_igw",
            "module.VPC.aws_route_table.public_RT",
            "module.VPC.aws_vpc.static_vpc"
          ]
        }
      ]
    },
    {
      "module": "module.VPC",
      "mode": "managed",
      "type": "aws_route_table",
      "name": "public_RT",
      "provider": "provider[\"registry.terraform.io/hashicorp/aws\"]",
      "instances": [
        {
          "schema_version": 0,
          "attributes": {
            "arn": "arn:aws:ec2:us-east-1:640168432352:route-table/rtb-0b3c4d4a43e85b80c",
            "id": "rtb-0b3c4d4a43e85b80c",
            "owner_id": "640168432352",
            "propagating_vgws": [],
            "route": [
              {
                "carrier_gateway_id": "",
                "cidr_block": "0.0.0.0/0",
                "core_network_arn": "",
                "destination_prefix_list_id": "",
                "egress_only_gateway_id": "",
                "gateway_id": "igw-0c1f65853246e7cd6",
                "ipv6_cidr_block": "",
                "local_gateway_id": "",
                "nat_gateway_id": "",
                "network_interface_id": "",
                "transit_gateway_id": "",
                "vpc_endpoint_id": "",
                "vpc_peering_connection_id": ""
              }
            ],
            "tags": {
              "Name": "public_RT"
            },
            "tags_all": {
              "Name": "public_RT"
            },
            "timeouts": null,
            "vpc_id": "vpc-01cfb3dea92df684b"
          },
          "sensitive_attributes": [],
          "private": "eyJlMmJmYjczMC1lY2FhLTExZTYtOGY4OC0zNDM2M2JjN2M0YzAiOnsiY3JlYXRlIjozMDAwMDAwMDAwMDAsImRlbGV0ZSI6MzAwMDAwMDAwMDAwLCJ1cGRhdGUiOjEyMDAwMDAwMDAwMH19",
          "dependencies": [
            "module.VPC.aws_vpc.static_vpc"
          ]
        }
      ]
    },
    {
      "module": "module.VPC",
      "mode": "managed",
      "type": "aws_route_table_association",
      "name": "public_subnet_asst",
      "provider": "provider[\"registry.terraform.io/hashicorp/aws\"]",
      "instances": [
        {
          "index_key": 0,
          "schema_version": 0,
          "attributes": {
            "gateway_id": "",
            "id": "rtbassoc-01cfe6c3fdeb2054b",
            "route_table_id": "rtb-0b3c4d4a43e85b80c",
            "subnet_id": "subnet-07bab35b3c12b739b",
            "timeouts": null
          },
          "sensitive_attributes": [],
          "private": "eyJlMmJmYjczMC1lY2FhLTExZTYtOGY4OC0zNDM2M2JjN2M0YzAiOnsiY3JlYXRlIjozMDAwMDAwMDAwMDAsImRlbGV0ZSI6MzAwMDAwMDAwMDAwLCJ1cGRhdGUiOjEyMDAwMDAwMDAwMH19",
          "dependencies": [
            "module.VPC.aws_route_table.public_RT",
            "module.VPC.aws_subnet.public_subnet",
            "module.VPC.aws_vpc.static_vpc"
          ]
        },
        {
          "index_key": 1,
          "schema_version": 0,
          "attributes": {
            "gateway_id": "",
            "id": "rtbassoc-0cfe663bf8bc91a4c",
            "route_table_id": "rtb-0b3c4d4a43e85b80c",
            "subnet_id": "subnet-0aba7ac8a7412ecb2",
            "timeouts": null
          },
          "sensitive_attributes": [],
          "private": "eyJlMmJmYjczMC1lY2FhLTExZTYtOGY4OC0zNDM2M2JjN2M0YzAiOnsiY3JlYXRlIjozMDAwMDAwMDAwMDAsImRlbGV0ZSI6MzAwMDAwMDAwMDAwLCJ1cGRhdGUiOjEyMDAwMDAwMDAwMH19",
          "dependencies": [
            "module.VPC.aws_route_table.public_RT",
            "module.VPC.aws_subnet.public_subnet",
            "module.VPC.aws_vpc.static_vpc"
          ]
        }
      ]
    },
    {
      "module": "module.VPC",
      "mode": "managed",
      "type": "aws_subnet",
      "name": "public_subnet",
      "provider": "provider[\"registry.terraform.io/hashicorp/aws\"]",
      "instances": [
        {
          "index_key": 0,
          "schema_version": 1,
          "attributes": {
            "arn": "arn:aws:ec2:us-east-1:640168432352:subnet/subnet-07bab35b3c12b739b",
            "assign_ipv6_address_on_creation": false,
            "availability_zone": "us-east-1b",
            "availability_zone_id": "use1-az1",
            "cidr_block": "10.0.1.0/24",
            "customer_owned_ipv4_pool": "",
            "enable_dns64": false,
            "enable_lni_at_device_index": 0,
            "enable_resource_name_dns_a_record_on_launch": false,
            "enable_resource_name_dns_aaaa_record_on_launch": false,
            "id": "subnet-07bab35b3c12b739b",
            "ipv6_cidr_block": "",
            "ipv6_cidr_block_association_id": "",
            "ipv6_native": false,
            "map_customer_owned_ip_on_launch": false,
            "map_public_ip_on_launch": true,
            "outpost_arn": "",
            "owner_id": "640168432352",
            "private_dns_hostname_type_on_launch": "ip-name",
            "tags": {
              "Name": "Public_Subnet_1"
            },
            "tags_all": {
              "Name": "Public_Subnet_1"
            },
            "timeouts": null,
            "vpc_id": "vpc-01cfb3dea92df684b"
          },
          "sensitive_attributes": [],
          "private": "eyJlMmJmYjczMC1lY2FhLTExZTYtOGY4OC0zNDM2M2JjN2M0YzAiOnsiY3JlYXRlIjo2MDAwMDAwMDAwMDAsImRlbGV0ZSI6MTIwMDAwMDAwMDAwMH0sInNjaGVtYV92ZXJzaW9uIjoiMSJ9",
          "dependencies": [
            "module.VPC.aws_vpc.static_vpc"
          ]
        },
        {
          "index_key": 1,
          "schema_version": 1,
          "attributes": {
            "arn": "arn:aws:ec2:us-east-1:640168432352:subnet/subnet-0aba7ac8a7412ecb2",
            "assign_ipv6_address_on_creation": false,
            "availability_zone": "us-east-1c",
            "availability_zone_id": "use1-az2",
            "cidr_block": "10.0.2.0/24",
            "customer_owned_ipv4_pool": "",
            "enable_dns64": false,
            "enable_lni_at_device_index": 0,
            "enable_resource_name_dns_a_record_on_launch": false,
            "enable_resource_name_dns_aaaa_record_on_launch": false,
            "id": "subnet-0aba7ac8a7412ecb2",
            "ipv6_cidr_block": "",
            "ipv6_cidr_block_association_id": "",
            "ipv6_native": false,
            "map_customer_owned_ip_on_launch": false,
            "map_public_ip_on_launch": true,
            "outpost_arn": "",
            "owner_id": "640168432352",
            "private_dns_hostname_type_on_launch": "ip-name",
            "tags": {
              "Name": "Public_Subnet_2"
            },
            "tags_all": {
              "Name": "Public_Subnet_2"
            },
            "timeouts": null,
            "vpc_id": "vpc-01cfb3dea92df684b"
          },
          "sensitive_attributes": [],
          "private": "eyJlMmJmYjczMC1lY2FhLTExZTYtOGY4OC0zNDM2M2JjN2M0YzAiOnsiY3JlYXRlIjo2MDAwMDAwMDAwMDAsImRlbGV0ZSI6MTIwMDAwMDAwMDAwMH0sInNjaGVtYV92ZXJzaW9uIjoiMSJ9",
          "dependencies": [
            "module.VPC.aws_vpc.static_vpc"
          ]
        }
      ]
    },
    {
      "module": "module.VPC",
      "mode": "managed",
      "type": "aws_vpc",
      "name": "static_vpc",
      "provider": "provider[\"registry.terraform.io/hashicorp/aws\"]",
      "instances": [
        {
          "schema_version": 1,
          "attributes": {
            "arn": "arn:aws:ec2:us-east-1:640168432352:vpc/vpc-01cfb3dea92df684b",
            "assign_generated_ipv6_cidr_block": false,
            "cidr_block": "10.0.0.0/16",
            "default_network_acl_id": "acl-069db4c55205345f8",
            "default_route_table_id": "rtb-07486a5790abe3532",
            "default_security_group_id": "sg-082958a351805769d",
            "dhcp_options_id": "dopt-0dee04dd0ebb0e343",
            "enable_dns_hostnames": false,
            "enable_dns_support": true,
            "enable_network_address_usage_metrics": false,
            "id": "vpc-01cfb3dea92df684b",
            "instance_tenancy": "default",
            "ipv4_ipam_pool_id": null,
            "ipv4_netmask_length": null,
            "ipv6_association_id": "",
            "ipv6_cidr_block": "",
            "ipv6_cidr_block_network_border_group": "",
            "ipv6_ipam_pool_id": "",
            "ipv6_netmask_length": 0,
            "main_route_table_id": "rtb-07486a5790abe3532",
            "owner_id": "640168432352",
            "tags": {},
            "tags_all": {}
          },
          "sensitive_attributes": [],
          "private": "eyJzY2hlbWFfdmVyc2lvbiI6IjEifQ=="
        }
      ]
    }
  ],
  "check_results": null
}
